
Microsoft Visual Studio Solution File, Format Version 12.00
# Visual Studio Version 17
VisualStudioVersion = 17.7.34024.191
MinimumVisualStudioVersion = 10.0.40219.1
Project("{FAE04EC0-301F-11D3-BF4B-00C04F79EFBC}") = "GroceryShop", "GroceryShop\GroceryShop.csproj", "{A992628A-A199-4346-BDE6-3321AB94F202}"
EndProject
Global
	GlobalSection(SolutionConfigurationPlatforms) = preSolution
		Debug|Any CPU = Debug|Any CPU
		Release|Any CPU = Release|Any CPU
	EndGlobalSection
	GlobalSection(ProjectConfigurationPlatforms) = postSolution
		{A992628A-A199-4346-BDE6-3321AB94F202}.Debug|Any CPU.ActiveCfg = Debug|Any CPU
		{A992628A-A199-4346-BDE6-3321AB94F202}.Debug|Any CPU.Build.0 = Debug|Any CPU
		{A992628A-A199-4346-BDE6-3321AB94F202}.Release|Any CPU.ActiveCfg = Release|Any CPU
		{A992628A-A199-4346-BDE6-3321AB94F202}.Release|Any CPU.Build.0 = Release|Any CPU
	EndGlobalSection
	GlobalSection(SolutionProperties) = preSolution
		HideSolutionNode = FALSE
	EndGlobalSection
	GlobalSection(ExtensibilityGlobals) = postSolution
		SolutionGuid = {A419D9E5-FFBF-4367-B487-9436E5FCD955}
	EndGlobalSection
EndGlobal
